
Microsoft Visual Studio Solution File, Format Version 12.00
# Visual Studio 14
VisualStudioVersion = 14.0.25420.1
MinimumVisualStudioVersion = 10.0.40219.1
Project("{FAE04EC0-301F-11D3-BF4B-00C04F79EFBC}") = "MagicUnicorn", "MagicUnicorn\MagicUnicorn\MagicUnicorn.csproj", "{67779972-19C7-48CA-A51F-5C66A8B683CC}"
EndProject
Project("{FAE04EC0-301F-11D3-BF4B-00C04F79EFBC}") = "MagicUnicorn.Droid", "MagicUnicorn\MagicUnicorn.Droid\MagicUnicorn.Droid.csproj", "{311FD67C-8E63-446F-AA68-53F63074C66F}"
EndProject
Project("{FAE04EC0-301F-11D3-BF4B-00C04F79EFBC}") = "MagicUnicorn.iOS", "MagicUnicorn\MagicUnicorn.iOS\MagicUnicorn.iOS.csproj", "{3A88399B-06C2-44D7-9A29-393A78B31B03}"
EndProject
Project("{FAE04EC0-301F-11D3-BF4B-00C04F79EFBC}") = "MagicUnicorn.WinPhone", "MagicUnicorn\MagicUnicorn.WinPhone\MagicUnicorn.WinPhone.csproj", "{0445D58F-DA38-4468-86C9-6C4401827C71}"
EndProject
Project("{FAE04EC0-301F-11D3-BF4B-00C04F79EFBC}") = "MagicUnicorn.UWP", "MagicUnicorn\MagicUnicorn.UWP\MagicUnicorn.UWP.csproj", "{27FD9D4F-0921-4F3C-8D3D-DBD618B05E57}"
EndProject
Project("{FAE04EC0-301F-11D3-BF4B-00C04F79EFBC}") = "MagicUnicorn.Windows", "MagicUnicorn\MagicUnicorn.Windows\MagicUnicorn.Windows.csproj", "{FE298708-9655-425F-98B0-5E49FB21ED1B}"
EndProject
Project("{FAE04EC0-301F-11D3-BF4B-00C04F79EFBC}") = "MagicUnicorn.Test", "MagicUnicorn.Test\MagicUnicorn.Test.csproj", "{F8B39CE4-4918-4F09-88B9-AE00990E52D6}"
EndProject
Global
	GlobalSection(SolutionConfigurationPlatforms) = preSolution
		Ad-Hoc|Any CPU = Ad-Hoc|Any CPU
		Ad-Hoc|ARM = Ad-Hoc|ARM
		Ad-Hoc|iPhone = Ad-Hoc|iPhone
		Ad-Hoc|iPhoneSimulator = Ad-Hoc|iPhoneSimulator
		Ad-Hoc|x64 = Ad-Hoc|x64
		Ad-Hoc|x86 = Ad-Hoc|x86
		AppStore|Any CPU = AppStore|Any CPU
		AppStore|ARM = AppStore|ARM
		AppStore|iPhone = AppStore|iPhone
		AppStore|iPhoneSimulator = AppStore|iPhoneSimulator
		AppStore|x64 = AppStore|x64
		AppStore|x86 = AppStore|x86
		Debug|Any CPU = Debug|Any CPU
		Debug|ARM = Debug|ARM
		Debug|iPhone = Debug|iPhone
		Debug|iPhoneSimulator = Debug|iPhoneSimulator
		Debug|x64 = Debug|x64
		Debug|x86 = Debug|x86
		Release|Any CPU = Release|Any CPU
		Release|ARM = Release|ARM
		Release|iPhone = Release|iPhone
		Release|iPhoneSimulator = Release|iPhoneSimulator
		Release|x64 = Release|x64
		Release|x86 = Release|x86
	EndGlobalSection
	GlobalSection(ProjectConfigurationPlatforms) = postSolution
		{67779972-19C7-48CA-A51F-5C66A8B683CC}.Ad-Hoc|Any CPU.ActiveCfg = Release|Any CPU
		{67779972-19C7-48CA-A51F-5C66A8B683CC}.Ad-Hoc|Any CPU.Build.0 = Release|Any CPU
		{67779972-19C7-48CA-A51F-5C66A8B683CC}.Ad-Hoc|ARM.ActiveCfg = Release|Any CPU
		{67779972-19C7-48CA-A51F-5C66A8B683CC}.Ad-Hoc|ARM.Build.0 = Release|Any CPU
		{67779972-19C7-48CA-A51F-5C66A8B683CC}.Ad-Hoc|iPhone.ActiveCfg = Release|Any CPU
		{67779972-19C7-48CA-A51F-5C66A8B683CC}.Ad-Hoc|iPhone.Build.0 = Release|Any CPU
		{67779972-19C7-48CA-A51F-5C66A8B683CC}.Ad-Hoc|iPhoneSimulator.ActiveCfg = Release|Any CPU
		{67779972-19C7-48CA-A51F-5C66A8B683CC}.Ad-Hoc|iPhoneSimulator.Build.0 = Release|Any CPU
		{67779972-19C7-48CA-A51F-5C66A8B683CC}.Ad-Hoc|x64.ActiveCfg = Release|Any CPU
		{67779972-19C7-48CA-A51F-5C66A8B683CC}.Ad-Hoc|x64.Build.0 = Release|Any CPU
		{67779972-19C7-48CA-A51F-5C66A8B683CC}.Ad-Hoc|x86.ActiveCfg = Release|Any CPU
		{67779972-19C7-48CA-A51F-5C66A8B683CC}.Ad-Hoc|x86.Build.0 = Release|Any CPU
		{67779972-19C7-48CA-A51F-5C66A8B683CC}.AppStore|Any CPU.ActiveCfg = Release|Any CPU
		{67779972-19C7-48CA-A51F-5C66A8B683CC}.AppStore|Any CPU.Build.0 = Release|Any CPU
		{67779972-19C7-48CA-A51F-5C66A8B683CC}.AppStore|ARM.ActiveCfg = Release|Any CPU
		{67779972-19C7-48CA-A51F-5C66A8B683CC}.AppStore|ARM.Build.0 = Release|Any CPU
		{67779972-19C7-48CA-A51F-5C66A8B683CC}.AppStore|iPhone.ActiveCfg = Release|Any CPU
		{67779972-19C7-48CA-A51F-5C66A8B683CC}.AppStore|iPhone.Build.0 = Release|Any CPU
		{67779972-19C7-48CA-A51F-5C66A8B683CC}.AppStore|iPhoneSimulator.ActiveCfg = Release|Any CPU
		{67779972-19C7-48CA-A51F-5C66A8B683CC}.AppStore|iPhoneSimulator.Build.0 = Release|Any CPU
		{67779972-19C7-48CA-A51F-5C66A8B683CC}.AppStore|x64.ActiveCfg = Release|Any CPU
		{67779972-19C7-48CA-A51F-5C66A8B683CC}.AppStore|x64.Build.0 = Release|Any CPU
		{67779972-19C7-48CA-A51F-5C66A8B683CC}.AppStore|x86.ActiveCfg = Release|Any CPU
		{67779972-19C7-48CA-A51F-5C66A8B683CC}.AppStore|x86.Build.0 = Release|Any CPU
		{67779972-19C7-48CA-A51F-5C66A8B683CC}.Debug|Any CPU.ActiveCfg = Debug|Any CPU
		{67779972-19C7-48CA-A51F-5C66A8B683CC}.Debug|Any CPU.Build.0 = Debug|Any CPU
		{67779972-19C7-48CA-A51F-5C66A8B683CC}.Debug|ARM.ActiveCfg = Debug|Any CPU
		{67779972-19C7-48CA-A51F-5C66A8B683CC}.Debug|ARM.Build.0 = Debug|Any CPU
		{67779972-19C7-48CA-A51F-5C66A8B683CC}.Debug|iPhone.ActiveCfg = Debug|Any CPU
		{67779972-19C7-48CA-A51F-5C66A8B683CC}.Debug|iPhone.Build.0 = Debug|Any CPU
		{67779972-19C7-48CA-A51F-5C66A8B683CC}.Debug|iPhoneSimulator.ActiveCfg = Debug|Any CPU
		{67779972-19C7-48CA-A51F-5C66A8B683CC}.Debug|iPhoneSimulator.Build.0 = Debug|Any CPU
		{67779972-19C7-48CA-A51F-5C66A8B683CC}.Debug|x64.ActiveCfg = Debug|Any CPU
		{67779972-19C7-48CA-A51F-5C66A8B683CC}.Debug|x64.Build.0 = Debug|Any CPU
		{67779972-19C7-48CA-A51F-5C66A8B683CC}.Debug|x86.ActiveCfg = Debug|Any CPU
		{67779972-19C7-48CA-A51F-5C66A8B683CC}.Debug|x86.Build.0 = Debug|Any CPU
		{67779972-19C7-48CA-A51F-5C66A8B683CC}.Release|Any CPU.ActiveCfg = Release|Any CPU
		{67779972-19C7-48CA-A51F-5C66A8B683CC}.Release|Any CPU.Build.0 = Release|Any CPU
		{67779972-19C7-48CA-A51F-5C66A8B683CC}.Release|ARM.ActiveCfg = Release|Any CPU
		{67779972-19C7-48CA-A51F-5C66A8B683CC}.Release|ARM.Build.0 = Release|Any CPU
		{67779972-19C7-48CA-A51F-5C66A8B683CC}.Release|iPhone.ActiveCfg = Release|Any CPU
		{67779972-19C7-48CA-A51F-5C66A8B683CC}.Release|iPhone.Build.0 = Release|Any CPU
		{67779972-19C7-48CA-A51F-5C66A8B683CC}.Release|iPhoneSimulator.ActiveCfg = Release|Any CPU
		{67779972-19C7-48CA-A51F-5C66A8B683CC}.Release|iPhoneSimulator.Build.0 = Release|Any CPU
		{67779972-19C7-48CA-A51F-5C66A8B683CC}.Release|x64.ActiveCfg = Release|Any CPU
		{67779972-19C7-48CA-A51F-5C66A8B683CC}.Release|x64.Build.0 = Release|Any CPU
		{67779972-19C7-48CA-A51F-5C66A8B683CC}.Release|x86.ActiveCfg = Release|Any CPU
		{67779972-19C7-48CA-A51F-5C66A8B683CC}.Release|x86.Build.0 = Release|Any CPU
		{311FD67C-8E63-446F-AA68-53F63074C66F}.Ad-Hoc|Any CPU.ActiveCfg = Release|Any CPU
		{311FD67C-8E63-446F-AA68-53F63074C66F}.Ad-Hoc|Any CPU.Build.0 = Release|Any CPU
		{311FD67C-8E63-446F-AA68-53F63074C66F}.Ad-Hoc|Any CPU.Deploy.0 = Release|Any CPU
		{311FD67C-8E63-446F-AA68-53F63074C66F}.Ad-Hoc|ARM.ActiveCfg = Release|Any CPU
		{311FD67C-8E63-446F-AA68-53F63074C66F}.Ad-Hoc|ARM.Build.0 = Release|Any CPU
		{311FD67C-8E63-446F-AA68-53F63074C66F}.Ad-Hoc|ARM.Deploy.0 = Release|Any CPU
		{311FD67C-8E63-446F-AA68-53F63074C66F}.Ad-Hoc|iPhone.ActiveCfg = Release|Any CPU
		{311FD67C-8E63-446F-AA68-53F63074C66F}.Ad-Hoc|iPhone.Build.0 = Release|Any CPU
		{311FD67C-8E63-446F-AA68-53F63074C66F}.Ad-Hoc|iPhone.Deploy.0 = Release|Any CPU
		{311FD67C-8E63-446F-AA68-53F63074C66F}.Ad-Hoc|iPhoneSimulator.ActiveCfg = Release|Any CPU
		{311FD67C-8E63-446F-AA68-53F63074C66F}.Ad-Hoc|iPhoneSimulator.Build.0 = Release|Any CPU
		{311FD67C-8E63-446F-AA68-53F63074C66F}.Ad-Hoc|iPhoneSimulator.Deploy.0 = Release|Any CPU
		{311FD67C-8E63-446F-AA68-53F63074C66F}.Ad-Hoc|x64.ActiveCfg = Release|Any CPU
		{311FD67C-8E63-446F-AA68-53F63074C66F}.Ad-Hoc|x64.Build.0 = Release|Any CPU
		{311FD67C-8E63-446F-AA68-53F63074C66F}.Ad-Hoc|x64.Deploy.0 = Release|Any CPU
		{311FD67C-8E63-446F-AA68-53F63074C66F}.Ad-Hoc|x86.ActiveCfg = Release|Any CPU
		{311FD67C-8E63-446F-AA68-53F63074C66F}.Ad-Hoc|x86.Build.0 = Release|Any CPU
		{311FD67C-8E63-446F-AA68-53F63074C66F}.Ad-Hoc|x86.Deploy.0 = Release|Any CPU
		{311FD67C-8E63-446F-AA68-53F63074C66F}.AppStore|Any CPU.ActiveCfg = Release|Any CPU
		{311FD67C-8E63-446F-AA68-53F63074C66F}.AppStore|Any CPU.Build.0 = Release|Any CPU
		{311FD67C-8E63-446F-AA68-53F63074C66F}.AppStore|Any CPU.Deploy.0 = Release|Any CPU
		{311FD67C-8E63-446F-AA68-53F63074C66F}.AppStore|ARM.ActiveCfg = Release|Any CPU
		{311FD67C-8E63-446F-AA68-53F63074C66F}.AppStore|ARM.Build.0 = Release|Any CPU
		{311FD67C-8E63-446F-AA68-53F63074C66F}.AppStore|ARM.Deploy.0 = Release|Any CPU
		{311FD67C-8E63-446F-AA68-53F63074C66F}.AppStore|iPhone.ActiveCfg = Release|Any CPU
		{311FD67C-8E63-446F-AA68-53F63074C66F}.AppStore|iPhone.Build.0 = Release|Any CPU
		{311FD67C-8E63-446F-AA68-53F63074C66F}.AppStore|iPhone.Deploy.0 = Release|Any CPU
		{311FD67C-8E63-446F-AA68-53F63074C66F}.AppStore|iPhoneSimulator.ActiveCfg = Release|Any CPU
		{311FD67C-8E63-446F-AA68-53F63074C66F}.AppStore|iPhoneSimulator.Build.0 = Release|Any CPU
		{311FD67C-8E63-446F-AA68-53F63074C66F}.AppStore|iPhoneSimulator.Deploy.0 = Release|Any CPU
		{311FD67C-8E63-446F-AA68-53F63074C66F}.AppStore|x64.ActiveCfg = Release|Any CPU
		{311FD67C-8E63-446F-AA68-53F63074C66F}.AppStore|x64.Build.0 = Release|Any CPU
		{311FD67C-8E63-446F-AA68-53F63074C66F}.AppStore|x64.Deploy.0 = Release|Any CPU
		{311FD67C-8E63-446F-AA68-53F63074C66F}.AppStore|x86.ActiveCfg = Release|Any CPU
		{311FD67C-8E63-446F-AA68-53F63074C66F}.AppStore|x86.Build.0 = Release|Any CPU
		{311FD67C-8E63-446F-AA68-53F63074C66F}.AppStore|x86.Deploy.0 = Release|Any CPU
		{311FD67C-8E63-446F-AA68-53F63074C66F}.Debug|Any CPU.ActiveCfg = Debug|Any CPU
		{311FD67C-8E63-446F-AA68-53F63074C66F}.Debug|Any CPU.Build.0 = Debug|Any CPU
		{311FD67C-8E63-446F-AA68-53F63074C66F}.Debug|Any CPU.Deploy.0 = Debug|Any CPU
		{311FD67C-8E63-446F-AA68-53F63074C66F}.Debug|ARM.ActiveCfg = Debug|Any CPU
		{311FD67C-8E63-446F-AA68-53F63074C66F}.Debug|ARM.Build.0 = Debug|Any CPU
		{311FD67C-8E63-446F-AA68-53F63074C66F}.Debug|ARM.Deploy.0 = Debug|Any CPU
		{311FD67C-8E63-446F-AA68-53F63074C66F}.Debug|iPhone.ActiveCfg = Debug|Any CPU
		{311FD67C-8E63-446F-AA68-53F63074C66F}.Debug|iPhone.Build.0 = Debug|Any CPU
		{311FD67C-8E63-446F-AA68-53F63074C66F}.Debug|iPhone.Deploy.0 = Debug|Any CPU
		{311FD67C-8E63-446F-AA68-53F63074C66F}.Debug|iPhoneSimulator.ActiveCfg = Debug|Any CPU
		{311FD67C-8E63-446F-AA68-53F63074C66F}.Debug|iPhoneSimulator.Build.0 = Debug|Any CPU
		{311FD67C-8E63-446F-AA68-53F63074C66F}.Debug|iPhoneSimulator.Deploy.0 = Debug|Any CPU
		{311FD67C-8E63-446F-AA68-53F63074C66F}.Debug|x64.ActiveCfg = Debug|Any CPU
		{311FD67C-8E63-446F-AA68-53F63074C66F}.Debug|x64.Build.0 = Debug|Any CPU
		{311FD67C-8E63-446F-AA68-53F63074C66F}.Debug|x64.Deploy.0 = Debug|Any CPU
		{311FD67C-8E63-446F-AA68-53F63074C66F}.Debug|x86.ActiveCfg = Debug|Any CPU
		{311FD67C-8E63-446F-AA68-53F63074C66F}.Debug|x86.Build.0 = Debug|Any CPU
		{311FD67C-8E63-446F-AA68-53F63074C66F}.Debug|x86.Deploy.0 = Debug|Any CPU
		{311FD67C-8E63-446F-AA68-53F63074C66F}.Release|Any CPU.ActiveCfg = Release|Any CPU
		{311FD67C-8E63-446F-AA68-53F63074C66F}.Release|Any CPU.Build.0 = Release|Any CPU
		{311FD67C-8E63-446F-AA68-53F63074C66F}.Release|Any CPU.Deploy.0 = Release|Any CPU
		{311FD67C-8E63-446F-AA68-53F63074C66F}.Release|ARM.ActiveCfg = Release|Any CPU
		{311FD67C-8E63-446F-AA68-53F63074C66F}.Release|ARM.Build.0 = Release|Any CPU
		{311FD67C-8E63-446F-AA68-53F63074C66F}.Release|ARM.Deploy.0 = Release|Any CPU
		{311FD67C-8E63-446F-AA68-53F63074C66F}.Release|iPhone.ActiveCfg = Release|Any CPU
		{311FD67C-8E63-446F-AA68-53F63074C66F}.Release|iPhone.Build.0 = Release|Any CPU
		{311FD67C-8E63-446F-AA68-53F63074C66F}.Release|iPhone.Deploy.0 = Release|Any CPU
		{311FD67C-8E63-446F-AA68-53F63074C66F}.Release|iPhoneSimulator.ActiveCfg = Release|Any CPU
		{311FD67C-8E63-446F-AA68-53F63074C66F}.Release|iPhoneSimulator.Build.0 = Release|Any CPU
		{311FD67C-8E63-446F-AA68-53F63074C66F}.Release|iPhoneSimulator.Deploy.0 = Release|Any CPU
		{311FD67C-8E63-446F-AA68-53F63074C66F}.Release|x64.ActiveCfg = Release|Any CPU
		{311FD67C-8E63-446F-AA68-53F63074C66F}.Release|x64.Build.0 = Release|Any CPU
		{311FD67C-8E63-446F-AA68-53F63074C66F}.Release|x64.Deploy.0 = Release|Any CPU
		{311FD67C-8E63-446F-AA68-53F63074C66F}.Release|x86.ActiveCfg = Release|Any CPU
		{311FD67C-8E63-446F-AA68-53F63074C66F}.Release|x86.Build.0 = Release|Any CPU
		{311FD67C-8E63-446F-AA68-53F63074C66F}.Release|x86.Deploy.0 = Release|Any CPU
		{3A88399B-06C2-44D7-9A29-393A78B31B03}.Ad-Hoc|Any CPU.ActiveCfg = Ad-Hoc|iPhone
		{3A88399B-06C2-44D7-9A29-393A78B31B03}.Ad-Hoc|ARM.ActiveCfg = Ad-Hoc|iPhone
		{3A88399B-06C2-44D7-9A29-393A78B31B03}.Ad-Hoc|iPhone.ActiveCfg = Ad-Hoc|iPhone
		{3A88399B-06C2-44D7-9A29-393A78B31B03}.Ad-Hoc|iPhone.Build.0 = Ad-Hoc|iPhone
		{3A88399B-06C2-44D7-9A29-393A78B31B03}.Ad-Hoc|iPhoneSimulator.ActiveCfg = Ad-Hoc|iPhoneSimulator
		{3A88399B-06C2-44D7-9A29-393A78B31B03}.Ad-Hoc|iPhoneSimulator.Build.0 = Ad-Hoc|iPhoneSimulator
		{3A88399B-06C2-44D7-9A29-393A78B31B03}.Ad-Hoc|x64.ActiveCfg = Ad-Hoc|iPhone
		{3A88399B-06C2-44D7-9A29-393A78B31B03}.Ad-Hoc|x86.ActiveCfg = Ad-Hoc|iPhone
		{3A88399B-06C2-44D7-9A29-393A78B31B03}.AppStore|Any CPU.ActiveCfg = AppStore|iPhone
		{3A88399B-06C2-44D7-9A29-393A78B31B03}.AppStore|ARM.ActiveCfg = AppStore|iPhone
		{3A88399B-06C2-44D7-9A29-393A78B31B03}.AppStore|iPhone.ActiveCfg = AppStore|iPhone
		{3A88399B-06C2-44D7-9A29-393A78B31B03}.AppStore|iPhone.Build.0 = AppStore|iPhone
		{3A88399B-06C2-44D7-9A29-393A78B31B03}.AppStore|iPhoneSimulator.ActiveCfg = AppStore|iPhoneSimulator
		{3A88399B-06C2-44D7-9A29-393A78B31B03}.AppStore|iPhoneSimulator.Build.0 = AppStore|iPhoneSimulator
		{3A88399B-06C2-44D7-9A29-393A78B31B03}.AppStore|x64.ActiveCfg = AppStore|iPhone
		{3A88399B-06C2-44D7-9A29-393A78B31B03}.AppStore|x86.ActiveCfg = AppStore|iPhone
		{3A88399B-06C2-44D7-9A29-393A78B31B03}.Debug|Any CPU.ActiveCfg = Debug|iPhone
		{3A88399B-06C2-44D7-9A29-393A78B31B03}.Debug|ARM.ActiveCfg = Debug|iPhone
		{3A88399B-06C2-44D7-9A29-393A78B31B03}.Debug|iPhone.ActiveCfg = Debug|iPhone
		{3A88399B-06C2-44D7-9A29-393A78B31B03}.Debug|iPhone.Build.0 = Debug|iPhone
		{3A88399B-06C2-44D7-9A29-393A78B31B03}.Debug|iPhoneSimulator.ActiveCfg = Debug|iPhoneSimulator
		{3A88399B-06C2-44D7-9A29-393A78B31B03}.Debug|iPhoneSimulator.Build.0 = Debug|iPhoneSimulator
		{3A88399B-06C2-44D7-9A29-393A78B31B03}.Debug|x64.ActiveCfg = Debug|iPhone
		{3A88399B-06C2-44D7-9A29-393A78B31B03}.Debug|x86.ActiveCfg = Debug|iPhone
		{3A88399B-06C2-44D7-9A29-393A78B31B03}.Release|Any CPU.ActiveCfg = Release|iPhone
		{3A88399B-06C2-44D7-9A29-393A78B31B03}.Release|ARM.ActiveCfg = Release|iPhone
		{3A88399B-06C2-44D7-9A29-393A78B31B03}.Release|iPhone.ActiveCfg = Release|iPhone
		{3A88399B-06C2-44D7-9A29-393A78B31B03}.Release|iPhone.Build.0 = Release|iPhone
		{3A88399B-06C2-44D7-9A29-393A78B31B03}.Release|iPhoneSimulator.ActiveCfg = Release|iPhoneSimulator
		{3A88399B-06C2-44D7-9A29-393A78B31B03}.Release|iPhoneSimulator.Build.0 = Release|iPhoneSimulator
		{3A88399B-06C2-44D7-9A29-393A78B31B03}.Release|x64.ActiveCfg = Release|iPhone
		{3A88399B-06C2-44D7-9A29-393A78B31B03}.Release|x86.ActiveCfg = Release|iPhone
		{0445D58F-DA38-4468-86C9-6C4401827C71}.Ad-Hoc|Any CPU.ActiveCfg = Release|Any CPU
		{0445D58F-DA38-4468-86C9-6C4401827C71}.Ad-Hoc|Any CPU.Build.0 = Release|Any CPU
		{0445D58F-DA38-4468-86C9-6C4401827C71}.Ad-Hoc|Any CPU.Deploy.0 = Release|Any CPU
		{0445D58F-DA38-4468-86C9-6C4401827C71}.Ad-Hoc|ARM.ActiveCfg = Release|ARM
		{0445D58F-DA38-4468-86C9-6C4401827C71}.Ad-Hoc|ARM.Build.0 = Release|ARM
		{0445D58F-DA38-4468-86C9-6C4401827C71}.Ad-Hoc|ARM.Deploy.0 = Release|ARM
		{0445D58F-DA38-4468-86C9-6C4401827C71}.Ad-Hoc|iPhone.ActiveCfg = Release|Any CPU
		{0445D58F-DA38-4468-86C9-6C4401827C71}.Ad-Hoc|iPhone.Build.0 = Release|Any CPU
		{0445D58F-DA38-4468-86C9-6C4401827C71}.Ad-Hoc|iPhone.Deploy.0 = Release|Any CPU
		{0445D58F-DA38-4468-86C9-6C4401827C71}.Ad-Hoc|iPhoneSimulator.ActiveCfg = Release|Any CPU
		{0445D58F-DA38-4468-86C9-6C4401827C71}.Ad-Hoc|iPhoneSimulator.Build.0 = Release|Any CPU
		{0445D58F-DA38-4468-86C9-6C4401827C71}.Ad-Hoc|iPhoneSimulator.Deploy.0 = Release|Any CPU
		{0445D58F-DA38-4468-86C9-6C4401827C71}.Ad-Hoc|x64.ActiveCfg = Release|Any CPU
		{0445D58F-DA38-4468-86C9-6C4401827C71}.Ad-Hoc|x64.Build.0 = Release|Any CPU
		{0445D58F-DA38-4468-86C9-6C4401827C71}.Ad-Hoc|x64.Deploy.0 = Release|Any CPU
		{0445D58F-DA38-4468-86C9-6C4401827C71}.Ad-Hoc|x86.ActiveCfg = Release|x86
		{0445D58F-DA38-4468-86C9-6C4401827C71}.Ad-Hoc|x86.Build.0 = Release|x86
		{0445D58F-DA38-4468-86C9-6C4401827C71}.Ad-Hoc|x86.Deploy.0 = Release|x86
		{0445D58F-DA38-4468-86C9-6C4401827C71}.AppStore|Any CPU.ActiveCfg = Release|Any CPU
		{0445D58F-DA38-4468-86C9-6C4401827C71}.AppStore|Any CPU.Build.0 = Release|Any CPU
		{0445D58F-DA38-4468-86C9-6C4401827C71}.AppStore|Any CPU.Deploy.0 = Release|Any CPU
		{0445D58F-DA38-4468-86C9-6C4401827C71}.AppStore|ARM.ActiveCfg = Release|ARM
		{0445D58F-DA38-4468-86C9-6C4401827C71}.AppStore|ARM.Build.0 = Release|ARM
		{0445D58F-DA38-4468-86C9-6C4401827C71}.AppStore|ARM.Deploy.0 = Release|ARM
		{0445D58F-DA38-4468-86C9-6C4401827C71}.AppStore|iPhone.ActiveCfg = Release|Any CPU
		{0445D58F-DA38-4468-86C9-6C4401827C71}.AppStore|iPhone.Build.0 = Release|Any CPU
		{0445D58F-DA38-4468-86C9-6C4401827C71}.AppStore|iPhone.Deploy.0 = Release|Any CPU
		{0445D58F-DA38-4468-86C9-6C4401827C71}.AppStore|iPhoneSimulator.ActiveCfg = Release|Any CPU
		{0445D58F-DA38-4468-86C9-6C4401827C71}.AppStore|iPhoneSimulator.Build.0 = Release|Any CPU
		{0445D58F-DA38-4468-86C9-6C4401827C71}.AppStore|iPhoneSimulator.Deploy.0 = Release|Any CPU
		{0445D58F-DA38-4468-86C9-6C4401827C71}.AppStore|x64.ActiveCfg = Release|Any CPU
		{0445D58F-DA38-4468-86C9-6C4401827C71}.AppStore|x64.Build.0 = Release|Any CPU
		{0445D58F-DA38-4468-86C9-6C4401827C71}.AppStore|x64.Deploy.0 = Release|Any CPU
		{0445D58F-DA38-4468-86C9-6C4401827C71}.AppStore|x86.ActiveCfg = Release|x86
		{0445D58F-DA38-4468-86C9-6C4401827C71}.AppStore|x86.Build.0 = Release|x86
		{0445D58F-DA38-4468-86C9-6C4401827C71}.AppStore|x86.Deploy.0 = Release|x86
		{0445D58F-DA38-4468-86C9-6C4401827C71}.Debug|Any CPU.ActiveCfg = Debug|Any CPU
		{0445D58F-DA38-4468-86C9-6C4401827C71}.Debug|Any CPU.Build.0 = Debug|Any CPU
		{0445D58F-DA38-4468-86C9-6C4401827C71}.Debug|Any CPU.Deploy.0 = Debug|Any CPU
		{0445D58F-DA38-4468-86C9-6C4401827C71}.Debug|ARM.ActiveCfg = Debug|ARM
		{0445D58F-DA38-4468-86C9-6C4401827C71}.Debug|ARM.Build.0 = Debug|ARM
		{0445D58F-DA38-4468-86C9-6C4401827C71}.Debug|ARM.Deploy.0 = Debug|ARM
		{0445D58F-DA38-4468-86C9-6C4401827C71}.Debug|iPhone.ActiveCfg = Debug|Any CPU
		{0445D58F-DA38-4468-86C9-6C4401827C71}.Debug|iPhone.Build.0 = Debug|Any CPU
		{0445D58F-DA38-4468-86C9-6C4401827C71}.Debug|iPhone.Deploy.0 = Debug|Any CPU
		{0445D58F-DA38-4468-86C9-6C4401827C71}.Debug|iPhoneSimulator.ActiveCfg = Debug|Any CPU
		{0445D58F-DA38-4468-86C9-6C4401827C71}.Debug|iPhoneSimulator.Build.0 = Debug|Any CPU
		{0445D58F-DA38-4468-86C9-6C4401827C71}.Debug|iPhoneSimulator.Deploy.0 = Debug|Any CPU
		{0445D58F-DA38-4468-86C9-6C4401827C71}.Debug|x64.ActiveCfg = Debug|Any CPU
		{0445D58F-DA38-4468-86C9-6C4401827C71}.Debug|x64.Build.0 = Debug|Any CPU
		{0445D58F-DA38-4468-86C9-6C4401827C71}.Debug|x64.Deploy.0 = Debug|Any CPU
		{0445D58F-DA38-4468-86C9-6C4401827C71}.Debug|x86.ActiveCfg = Debug|x86
		{0445D58F-DA38-4468-86C9-6C4401827C71}.Debug|x86.Build.0 = Debug|x86
		{0445D58F-DA38-4468-86C9-6C4401827C71}.Debug|x86.Deploy.0 = Debug|x86
		{0445D58F-DA38-4468-86C9-6C4401827C71}.Release|Any CPU.ActiveCfg = Release|Any CPU
		{0445D58F-DA38-4468-86C9-6C4401827C71}.Release|Any CPU.Build.0 = Release|Any CPU
		{0445D58F-DA38-4468-86C9-6C4401827C71}.Release|Any CPU.Deploy.0 = Release|Any CPU
		{0445D58F-DA38-4468-86C9-6C4401827C71}.Release|ARM.ActiveCfg = Release|ARM
		{0445D58F-DA38-4468-86C9-6C4401827C71}.Release|ARM.Build.0 = Release|ARM
		{0445D58F-DA38-4468-86C9-6C4401827C71}.Release|ARM.Deploy.0 = Release|ARM
		{0445D58F-DA38-4468-86C9-6C4401827C71}.Release|iPhone.ActiveCfg = Release|Any CPU
		{0445D58F-DA38-4468-86C9-6C4401827C71}.Release|iPhone.Build.0 = Release|Any CPU
		{0445D58F-DA38-4468-86C9-6C4401827C71}.Release|iPhone.Deploy.0 = Release|Any CPU
		{0445D58F-DA38-4468-86C9-6C4401827C71}.Release|iPhoneSimulator.ActiveCfg = Release|Any CPU
		{0445D58F-DA38-4468-86C9-6C4401827C71}.Release|iPhoneSimulator.Build.0 = Release|Any CPU
		{0445D58F-DA38-4468-86C9-6C4401827C71}.Release|iPhoneSimulator.Deploy.0 = Release|Any CPU
		{0445D58F-DA38-4468-86C9-6C4401827C71}.Release|x64.ActiveCfg = Release|Any CPU
		{0445D58F-DA38-4468-86C9-6C4401827C71}.Release|x64.Build.0 = Release|Any CPU
		{0445D58F-DA38-4468-86C9-6C4401827C71}.Release|x64.Deploy.0 = Release|Any CPU
		{0445D58F-DA38-4468-86C9-6C4401827C71}.Release|x86.ActiveCfg = Release|x86
		{0445D58F-DA38-4468-86C9-6C4401827C71}.Release|x86.Build.0 = Release|x86
		{0445D58F-DA38-4468-86C9-6C4401827C71}.Release|x86.Deploy.0 = Release|x86
		{27FD9D4F-0921-4F3C-8D3D-DBD618B05E57}.Ad-Hoc|Any CPU.ActiveCfg = Release|x86
		{27FD9D4F-0921-4F3C-8D3D-DBD618B05E57}.Ad-Hoc|Any CPU.Build.0 = Release|x86
		{27FD9D4F-0921-4F3C-8D3D-DBD618B05E57}.Ad-Hoc|Any CPU.Deploy.0 = Release|x86
		{27FD9D4F-0921-4F3C-8D3D-DBD618B05E57}.Ad-Hoc|ARM.ActiveCfg = Release|ARM
		{27FD9D4F-0921-4F3C-8D3D-DBD618B05E57}.Ad-Hoc|ARM.Build.0 = Release|ARM
		{27FD9D4F-0921-4F3C-8D3D-DBD618B05E57}.Ad-Hoc|ARM.Deploy.0 = Release|ARM
		{27FD9D4F-0921-4F3C-8D3D-DBD618B05E57}.Ad-Hoc|iPhone.ActiveCfg = Release|x86
		{27FD9D4F-0921-4F3C-8D3D-DBD618B05E57}.Ad-Hoc|iPhone.Build.0 = Release|x86
		{27FD9D4F-0921-4F3C-8D3D-DBD618B05E57}.Ad-Hoc|iPhone.Deploy.0 = Release|x86
		{27FD9D4F-0921-4F3C-8D3D-DBD618B05E57}.Ad-Hoc|iPhoneSimulator.ActiveCfg = Release|x86
		{27FD9D4F-0921-4F3C-8D3D-DBD618B05E57}.Ad-Hoc|iPhoneSimulator.Build.0 = Release|x86
		{27FD9D4F-0921-4F3C-8D3D-DBD618B05E57}.Ad-Hoc|iPhoneSimulator.Deploy.0 = Release|x86
		{27FD9D4F-0921-4F3C-8D3D-DBD618B05E57}.Ad-Hoc|x64.ActiveCfg = Release|x64
		{27FD9D4F-0921-4F3C-8D3D-DBD618B05E57}.Ad-Hoc|x64.Build.0 = Release|x64
		{27FD9D4F-0921-4F3C-8D3D-DBD618B05E57}.Ad-Hoc|x64.Deploy.0 = Release|x64
		{27FD9D4F-0921-4F3C-8D3D-DBD618B05E57}.Ad-Hoc|x86.ActiveCfg = Release|x86
		{27FD9D4F-0921-4F3C-8D3D-DBD618B05E57}.Ad-Hoc|x86.Build.0 = Release|x86
		{27FD9D4F-0921-4F3C-8D3D-DBD618B05E57}.Ad-Hoc|x86.Deploy.0 = Release|x86
		{27FD9D4F-0921-4F3C-8D3D-DBD618B05E57}.AppStore|Any CPU.ActiveCfg = Release|x86
		{27FD9D4F-0921-4F3C-8D3D-DBD618B05E57}.AppStore|Any CPU.Build.0 = Release|x86
		{27FD9D4F-0921-4F3C-8D3D-DBD618B05E57}.AppStore|Any CPU.Deploy.0 = Release|x86
		{27FD9D4F-0921-4F3C-8D3D-DBD618B05E57}.AppStore|ARM.ActiveCfg = Release|ARM
		{27FD9D4F-0921-4F3C-8D3D-DBD618B05E57}.AppStore|ARM.Build.0 = Release|ARM
		{27FD9D4F-0921-4F3C-8D3D-DBD618B05E57}.AppStore|ARM.Deploy.0 = Release|ARM
		{27FD9D4F-0921-4F3C-8D3D-DBD618B05E57}.AppStore|iPhone.ActiveCfg = Release|x86
		{27FD9D4F-0921-4F3C-8D3D-DBD618B05E57}.AppStore|iPhone.Build.0 = Release|x86
		{27FD9D4F-0921-4F3C-8D3D-DBD618B05E57}.AppStore|iPhone.Deploy.0 = Release|x86
		{27FD9D4F-0921-4F3C-8D3D-DBD618B05E57}.AppStore|iPhoneSimulator.ActiveCfg = Release|x86
		{27FD9D4F-0921-4F3C-8D3D-DBD618B05E57}.AppStore|iPhoneSimulator.Build.0 = Release|x86
		{27FD9D4F-0921-4F3C-8D3D-DBD618B05E57}.AppStore|iPhoneSimulator.Deploy.0 = Release|x86
		{27FD9D4F-0921-4F3C-8D3D-DBD618B05E57}.AppStore|x64.ActiveCfg = Release|x64
		{27FD9D4F-0921-4F3C-8D3D-DBD618B05E57}.AppStore|x64.Build.0 = Release|x64
		{27FD9D4F-0921-4F3C-8D3D-DBD618B05E57}.AppStore|x64.Deploy.0 = Release|x64
		{27FD9D4F-0921-4F3C-8D3D-DBD618B05E57}.AppStore|x86.ActiveCfg = Release|x86
		{27FD9D4F-0921-4F3C-8D3D-DBD618B05E57}.AppStore|x86.Build.0 = Release|x86
		{27FD9D4F-0921-4F3C-8D3D-DBD618B05E57}.AppStore|x86.Deploy.0 = Release|x86
		{27FD9D4F-0921-4F3C-8D3D-DBD618B05E57}.Debug|Any CPU.ActiveCfg = Debug|x86
		{27FD9D4F-0921-4F3C-8D3D-DBD618B05E57}.Debug|ARM.ActiveCfg = Debug|ARM
		{27FD9D4F-0921-4F3C-8D3D-DBD618B05E57}.Debug|ARM.Build.0 = Debug|ARM
		{27FD9D4F-0921-4F3C-8D3D-DBD618B05E57}.Debug|ARM.Deploy.0 = Debug|ARM
		{27FD9D4F-0921-4F3C-8D3D-DBD618B05E57}.Debug|iPhone.ActiveCfg = Debug|x86
		{27FD9D4F-0921-4F3C-8D3D-DBD618B05E57}.Debug|iPhoneSimulator.ActiveCfg = Debug|x86
		{27FD9D4F-0921-4F3C-8D3D-DBD618B05E57}.Debug|x64.ActiveCfg = Debug|x64
		{27FD9D4F-0921-4F3C-8D3D-DBD618B05E57}.Debug|x64.Build.0 = Debug|x64
		{27FD9D4F-0921-4F3C-8D3D-DBD618B05E57}.Debug|x64.Deploy.0 = Debug|x64
		{27FD9D4F-0921-4F3C-8D3D-DBD618B05E57}.Debug|x86.ActiveCfg = Debug|x86
		{27FD9D4F-0921-4F3C-8D3D-DBD618B05E57}.Debug|x86.Build.0 = Debug|x86
		{27FD9D4F-0921-4F3C-8D3D-DBD618B05E57}.Debug|x86.Deploy.0 = Debug|x86
		{27FD9D4F-0921-4F3C-8D3D-DBD618B05E57}.Release|Any CPU.ActiveCfg = Release|x86
		{27FD9D4F-0921-4F3C-8D3D-DBD618B05E57}.Release|ARM.ActiveCfg = Release|ARM
		{27FD9D4F-0921-4F3C-8D3D-DBD618B05E57}.Release|ARM.Build.0 = Release|ARM
		{27FD9D4F-0921-4F3C-8D3D-DBD618B05E57}.Release|ARM.Deploy.0 = Release|ARM
		{27FD9D4F-0921-4F3C-8D3D-DBD618B05E57}.Release|iPhone.ActiveCfg = Release|x86
		{27FD9D4F-0921-4F3C-8D3D-DBD618B05E57}.Release|iPhoneSimulator.ActiveCfg = Release|x86
		{27FD9D4F-0921-4F3C-8D3D-DBD618B05E57}.Release|x64.ActiveCfg = Release|x64
		{27FD9D4F-0921-4F3C-8D3D-DBD618B05E57}.Release|x64.Build.0 = Release|x64
		{27FD9D4F-0921-4F3C-8D3D-DBD618B05E57}.Release|x64.Deploy.0 = Release|x64
		{27FD9D4F-0921-4F3C-8D3D-DBD618B05E57}.Release|x86.ActiveCfg = Release|x86
		{27FD9D4F-0921-4F3C-8D3D-DBD618B05E57}.Release|x86.Build.0 = Release|x86
		{27FD9D4F-0921-4F3C-8D3D-DBD618B05E57}.Release|x86.Deploy.0 = Release|x86
		{FE298708-9655-425F-98B0-5E49FB21ED1B}.Ad-Hoc|Any CPU.ActiveCfg = Release|Any CPU
		{FE298708-9655-425F-98B0-5E49FB21ED1B}.Ad-Hoc|Any CPU.Build.0 = Release|Any CPU
		{FE298708-9655-425F-98B0-5E49FB21ED1B}.Ad-Hoc|Any CPU.Deploy.0 = Release|Any CPU
		{FE298708-9655-425F-98B0-5E49FB21ED1B}.Ad-Hoc|ARM.ActiveCfg = Release|ARM
		{FE298708-9655-425F-98B0-5E49FB21ED1B}.Ad-Hoc|ARM.Build.0 = Release|ARM
		{FE298708-9655-425F-98B0-5E49FB21ED1B}.Ad-Hoc|ARM.Deploy.0 = Release|ARM
		{FE298708-9655-425F-98B0-5E49FB21ED1B}.Ad-Hoc|iPhone.ActiveCfg = Release|Any CPU
		{FE298708-9655-425F-98B0-5E49FB21ED1B}.Ad-Hoc|iPhone.Build.0 = Release|Any CPU
		{FE298708-9655-425F-98B0-5E49FB21ED1B}.Ad-Hoc|iPhone.Deploy.0 = Release|Any CPU
		{FE298708-9655-425F-98B0-5E49FB21ED1B}.Ad-Hoc|iPhoneSimulator.ActiveCfg = Release|Any CPU
		{FE298708-9655-425F-98B0-5E49FB21ED1B}.Ad-Hoc|iPhoneSimulator.Build.0 = Release|Any CPU
		{FE298708-9655-425F-98B0-5E49FB21ED1B}.Ad-Hoc|iPhoneSimulator.Deploy.0 = Release|Any CPU
		{FE298708-9655-425F-98B0-5E49FB21ED1B}.Ad-Hoc|x64.ActiveCfg = Release|x64
		{FE298708-9655-425F-98B0-5E49FB21ED1B}.Ad-Hoc|x64.Build.0 = Release|x64
		{FE298708-9655-425F-98B0-5E49FB21ED1B}.Ad-Hoc|x64.Deploy.0 = Release|x64
		{FE298708-9655-425F-98B0-5E49FB21ED1B}.Ad-Hoc|x86.ActiveCfg = Release|x86
		{FE298708-9655-425F-98B0-5E49FB21ED1B}.Ad-Hoc|x86.Build.0 = Release|x86
		{FE298708-9655-425F-98B0-5E49FB21ED1B}.Ad-Hoc|x86.Deploy.0 = Release|x86
		{FE298708-9655-425F-98B0-5E49FB21ED1B}.AppStore|Any CPU.ActiveCfg = Release|Any CPU
		{FE298708-9655-425F-98B0-5E49FB21ED1B}.AppStore|Any CPU.Build.0 = Release|Any CPU
		{FE298708-9655-425F-98B0-5E49FB21ED1B}.AppStore|Any CPU.Deploy.0 = Release|Any CPU
		{FE298708-9655-425F-98B0-5E49FB21ED1B}.AppStore|ARM.ActiveCfg = Release|ARM
		{FE298708-9655-425F-98B0-5E49FB21ED1B}.AppStore|ARM.Build.0 = Release|ARM
		{FE298708-9655-425F-98B0-5E49FB21ED1B}.AppStore|ARM.Deploy.0 = Release|ARM
		{FE298708-9655-425F-98B0-5E49FB21ED1B}.AppStore|iPhone.ActiveCfg = Release|Any CPU
		{FE298708-9655-425F-98B0-5E49FB21ED1B}.AppStore|iPhone.Build.0 = Release|Any CPU
		{FE298708-9655-425F-98B0-5E49FB21ED1B}.AppStore|iPhone.Deploy.0 = Release|Any CPU
		{FE298708-9655-425F-98B0-5E49FB21ED1B}.AppStore|iPhoneSimulator.ActiveCfg = Release|Any CPU
		{FE298708-9655-425F-98B0-5E49FB21ED1B}.AppStore|iPhoneSimulator.Build.0 = Release|Any CPU
		{FE298708-9655-425F-98B0-5E49FB21ED1B}.AppStore|iPhoneSimulator.Deploy.0 = Release|Any CPU
		{FE298708-9655-425F-98B0-5E49FB21ED1B}.AppStore|x64.ActiveCfg = Release|x64
		{FE298708-9655-425F-98B0-5E49FB21ED1B}.AppStore|x64.Build.0 = Release|x64
		{FE298708-9655-425F-98B0-5E49FB21ED1B}.AppStore|x64.Deploy.0 = Release|x64
		{FE298708-9655-425F-98B0-5E49FB21ED1B}.AppStore|x86.ActiveCfg = Release|x86
		{FE298708-9655-425F-98B0-5E49FB21ED1B}.AppStore|x86.Build.0 = Release|x86
		{FE298708-9655-425F-98B0-5E49FB21ED1B}.AppStore|x86.Deploy.0 = Release|x86
		{FE298708-9655-425F-98B0-5E49FB21ED1B}.Debug|Any CPU.ActiveCfg = Debug|Any CPU
		{FE298708-9655-425F-98B0-5E49FB21ED1B}.Debug|Any CPU.Build.0 = Debug|Any CPU
		{FE298708-9655-425F-98B0-5E49FB21ED1B}.Debug|Any CPU.Deploy.0 = Debug|Any CPU
		{FE298708-9655-425F-98B0-5E49FB21ED1B}.Debug|ARM.ActiveCfg = Debug|ARM
		{FE298708-9655-425F-98B0-5E49FB21ED1B}.Debug|ARM.Build.0 = Debug|ARM
		{FE298708-9655-425F-98B0-5E49FB21ED1B}.Debug|ARM.Deploy.0 = Debug|ARM
		{FE298708-9655-425F-98B0-5E49FB21ED1B}.Debug|iPhone.ActiveCfg = Debug|Any CPU
		{FE298708-9655-425F-98B0-5E49FB21ED1B}.Debug|iPhone.Build.0 = Debug|Any CPU
		{FE298708-9655-425F-98B0-5E49FB21ED1B}.Debug|iPhone.Deploy.0 = Debug|Any CPU
		{FE298708-9655-425F-98B0-5E49FB21ED1B}.Debug|iPhoneSimulator.ActiveCfg = Debug|Any CPU
		{FE298708-9655-425F-98B0-5E49FB21ED1B}.Debug|iPhoneSimulator.Build.0 = Debug|Any CPU
		{FE298708-9655-425F-98B0-5E49FB21ED1B}.Debug|iPhoneSimulator.Deploy.0 = Debug|Any CPU
		{FE298708-9655-425F-98B0-5E49FB21ED1B}.Debug|x64.ActiveCfg = Debug|x64
		{FE298708-9655-425F-98B0-5E49FB21ED1B}.Debug|x64.Build.0 = Debug|x64
		{FE298708-9655-425F-98B0-5E49FB21ED1B}.Debug|x64.Deploy.0 = Debug|x64
		{FE298708-9655-425F-98B0-5E49FB21ED1B}.Debug|x86.ActiveCfg = Debug|x86
		{FE298708-9655-425F-98B0-5E49FB21ED1B}.Debug|x86.Build.0 = Debug|x86
		{FE298708-9655-425F-98B0-5E49FB21ED1B}.Debug|x86.Deploy.0 = Debug|x86
		{FE298708-9655-425F-98B0-5E49FB21ED1B}.Release|Any CPU.ActiveCfg = Release|Any CPU
		{FE298708-9655-425F-98B0-5E49FB21ED1B}.Release|Any CPU.Build.0 = Release|Any CPU
		{FE298708-9655-425F-98B0-5E49FB21ED1B}.Release|Any CPU.Deploy.0 = Release|Any CPU
		{FE298708-9655-425F-98B0-5E49FB21ED1B}.Release|ARM.ActiveCfg = Release|ARM
		{FE298708-9655-425F-98B0-5E49FB21ED1B}.Release|ARM.Build.0 = Release|ARM
		{FE298708-9655-425F-98B0-5E49FB21ED1B}.Release|ARM.Deploy.0 = Release|ARM
		{FE298708-9655-425F-98B0-5E49FB21ED1B}.Release|iPhone.ActiveCfg = Release|Any CPU
		{FE298708-9655-425F-98B0-5E49FB21ED1B}.Release|iPhone.Build.0 = Release|Any CPU
		{FE298708-9655-425F-98B0-5E49FB21ED1B}.Release|iPhone.Deploy.0 = Release|Any CPU
		{FE298708-9655-425F-98B0-5E49FB21ED1B}.Release|iPhoneSimulator.ActiveCfg = Release|Any CPU
		{FE298708-9655-425F-98B0-5E49FB21ED1B}.Release|iPhoneSimulator.Build.0 = Release|Any CPU
		{FE298708-9655-425F-98B0-5E49FB21ED1B}.Release|iPhoneSimulator.Deploy.0 = Release|Any CPU
		{FE298708-9655-425F-98B0-5E49FB21ED1B}.Release|x64.ActiveCfg = Release|x64
		{FE298708-9655-425F-98B0-5E49FB21ED1B}.Release|x64.Build.0 = Release|x64
		{FE298708-9655-425F-98B0-5E49FB21ED1B}.Release|x64.Deploy.0 = Release|x64
		{FE298708-9655-425F-98B0-5E49FB21ED1B}.Release|x86.ActiveCfg = Release|x86
		{FE298708-9655-425F-98B0-5E49FB21ED1B}.Release|x86.Build.0 = Release|x86
		{FE298708-9655-425F-98B0-5E49FB21ED1B}.Release|x86.Deploy.0 = Release|x86
		{F8B39CE4-4918-4F09-88B9-AE00990E52D6}.Ad-Hoc|Any CPU.ActiveCfg = Release|Any CPU
		{F8B39CE4-4918-4F09-88B9-AE00990E52D6}.Ad-Hoc|Any CPU.Build.0 = Release|Any CPU
		{F8B39CE4-4918-4F09-88B9-AE00990E52D6}.Ad-Hoc|ARM.ActiveCfg = Release|Any CPU
		{F8B39CE4-4918-4F09-88B9-AE00990E52D6}.Ad-Hoc|ARM.Build.0 = Release|Any CPU
		{F8B39CE4-4918-4F09-88B9-AE00990E52D6}.Ad-Hoc|iPhone.ActiveCfg = Release|Any CPU
		{F8B39CE4-4918-4F09-88B9-AE00990E52D6}.Ad-Hoc|iPhone.Build.0 = Release|Any CPU
		{F8B39CE4-4918-4F09-88B9-AE00990E52D6}.Ad-Hoc|iPhoneSimulator.ActiveCfg = Release|Any CPU
		{F8B39CE4-4918-4F09-88B9-AE00990E52D6}.Ad-Hoc|iPhoneSimulator.Build.0 = Release|Any CPU
		{F8B39CE4-4918-4F09-88B9-AE00990E52D6}.Ad-Hoc|x64.ActiveCfg = Release|Any CPU
		{F8B39CE4-4918-4F09-88B9-AE00990E52D6}.Ad-Hoc|x64.Build.0 = Release|Any CPU
		{F8B39CE4-4918-4F09-88B9-AE00990E52D6}.Ad-Hoc|x86.ActiveCfg = Release|Any CPU
		{F8B39CE4-4918-4F09-88B9-AE00990E52D6}.Ad-Hoc|x86.Build.0 = Release|Any CPU
		{F8B39CE4-4918-4F09-88B9-AE00990E52D6}.AppStore|Any CPU.ActiveCfg = Release|Any CPU
		{F8B39CE4-4918-4F09-88B9-AE00990E52D6}.AppStore|Any CPU.Build.0 = Release|Any CPU
		{F8B39CE4-4918-4F09-88B9-AE00990E52D6}.AppStore|ARM.ActiveCfg = Release|Any CPU
		{F8B39CE4-4918-4F09-88B9-AE00990E52D6}.AppStore|ARM.Build.0 = Release|Any CPU
		{F8B39CE4-4918-4F09-88B9-AE00990E52D6}.AppStore|iPhone.ActiveCfg = Release|Any CPU
		{F8B39CE4-4918-4F09-88B9-AE00990E52D6}.AppStore|iPhone.Build.0 = Release|Any CPU
		{F8B39CE4-4918-4F09-88B9-AE00990E52D6}.AppStore|iPhoneSimulator.ActiveCfg = Release|Any CPU
		{F8B39CE4-4918-4F09-88B9-AE00990E52D6}.AppStore|iPhoneSimulator.Build.0 = Release|Any CPU
		{F8B39CE4-4918-4F09-88B9-AE00990E52D6}.AppStore|x64.ActiveCfg = Release|Any CPU
		{F8B39CE4-4918-4F09-88B9-AE00990E52D6}.AppStore|x64.Build.0 = Release|Any CPU
		{F8B39CE4-4918-4F09-88B9-AE00990E52D6}.AppStore|x86.ActiveCfg = Release|Any CPU
		{F8B39CE4-4918-4F09-88B9-AE00990E52D6}.AppStore|x86.Build.0 = Release|Any CPU
		{F8B39CE4-4918-4F09-88B9-AE00990E52D6}.Debug|Any CPU.ActiveCfg = Debug|Any CPU
		{F8B39CE4-4918-4F09-88B9-AE00990E52D6}.Debug|Any CPU.Build.0 = Debug|Any CPU
		{F8B39CE4-4918-4F09-88B9-AE00990E52D6}.Debug|ARM.ActiveCfg = Debug|Any CPU
		{F8B39CE4-4918-4F09-88B9-AE00990E52D6}.Debug|ARM.Build.0 = Debug|Any CPU
		{F8B39CE4-4918-4F09-88B9-AE00990E52D6}.Debug|iPhone.ActiveCfg = Debug|Any CPU
		{F8B39CE4-4918-4F09-88B9-AE00990E52D6}.Debug|iPhone.Build.0 = Debug|Any CPU
		{F8B39CE4-4918-4F09-88B9-AE00990E52D6}.Debug|iPhoneSimulator.ActiveCfg = Debug|Any CPU
		{F8B39CE4-4918-4F09-88B9-AE00990E52D6}.Debug|iPhoneSimulator.Build.0 = Debug|Any CPU
		{F8B39CE4-4918-4F09-88B9-AE00990E52D6}.Debug|x64.ActiveCfg = Debug|Any CPU
		{F8B39CE4-4918-4F09-88B9-AE00990E52D6}.Debug|x64.Build.0 = Debug|Any CPU
		{F8B39CE4-4918-4F09-88B9-AE00990E52D6}.Debug|x86.ActiveCfg = Debug|Any CPU
		{F8B39CE4-4918-4F09-88B9-AE00990E52D6}.Debug|x86.Build.0 = Debug|Any CPU
		{F8B39CE4-4918-4F09-88B9-AE00990E52D6}.Release|Any CPU.ActiveCfg = Release|Any CPU
		{F8B39CE4-4918-4F09-88B9-AE00990E52D6}.Release|Any CPU.Build.0 = Release|Any CPU
		{F8B39CE4-4918-4F09-88B9-AE00990E52D6}.Release|ARM.ActiveCfg = Release|Any CPU
		{F8B39CE4-4918-4F09-88B9-AE00990E52D6}.Release|ARM.Build.0 = Release|Any CPU
		{F8B39CE4-4918-4F09-88B9-AE00990E52D6}.Release|iPhone.ActiveCfg = Release|Any CPU
		{F8B39CE4-4918-4F09-88B9-AE00990E52D6}.Release|iPhone.Build.0 = Release|Any CPU
		{F8B39CE4-4918-4F09-88B9-AE00990E52D6}.Release|iPhoneSimulator.ActiveCfg = Release|Any CPU
		{F8B39CE4-4918-4F09-88B9-AE00990E52D6}.Release|iPhoneSimulator.Build.0 = Release|Any CPU
		{F8B39CE4-4918-4F09-88B9-AE00990E52D6}.Release|x64.ActiveCfg = Release|Any CPU
		{F8B39CE4-4918-4F09-88B9-AE00990E52D6}.Release|x64.Build.0 = Release|Any CPU
		{F8B39CE4-4918-4F09-88B9-AE00990E52D6}.Release|x86.ActiveCfg = Release|Any CPU
		{F8B39CE4-4918-4F09-88B9-AE00990E52D6}.Release|x86.Build.0 = Release|Any CPU
	EndGlobalSection
	GlobalSection(SolutionProperties) = preSolution
		HideSolutionNode = FALSE
	EndGlobalSection
EndGlobal
